
Microsoft Visual Studio Solution File, Format Version 12.00
# Visual Studio Version 16
VisualStudioVersion = 16.0.29424.173
MinimumVisualStudioVersion = 10.0.40219.1
Project("{8BC9CEB8-8B4A-11D0-8D11-00A0C91BC942}") = "DiveIntoDesignPatterns", "DiveIntoDesignPatterns\DiveIntoDesignPatterns.vcxproj", "{959210B3-D98F-462C-98F2-A210D3548045}"
EndProject
Project("{8BC9CEB8-8B4A-11D0-8D11-00A0C91BC942}") = "FactoryMethod", "FactoryMethod\FactoryMethod.vcxproj", "{5B702C10-070B-467C-866B-95B54F050185}"
EndProject
Global
	GlobalSection(SolutionConfigurationPlatforms) = preSolution
		Debug|x64 = Debug|x64
		Debug|x86 = Debug|x86
		Release|x64 = Release|x64
		Release|x86 = Release|x86
	EndGlobalSection
	GlobalSection(ProjectConfigurationPlatforms) = postSolution
		{959210B3-D98F-462C-98F2-A210D3548045}.Debug|x64.ActiveCfg = Debug|x64
		{959210B3-D98F-462C-98F2-A210D3548045}.Debug|x64.Build.0 = Debug|x64
		{959210B3-D98F-462C-98F2-A210D3548045}.Debug|x86.ActiveCfg = Debug|Win32
		{959210B3-D98F-462C-98F2-A210D3548045}.Debug|x86.Build.0 = Debug|Win32
		{959210B3-D98F-462C-98F2-A210D3548045}.Release|x64.ActiveCfg = Release|x64
		{959210B3-D98F-462C-98F2-A210D3548045}.Release|x64.Build.0 = Release|x64
		{959210B3-D98F-462C-98F2-A210D3548045}.Release|x86.ActiveCfg = Release|Win32
		{959210B3-D98F-462C-98F2-A210D3548045}.Release|x86.Build.0 = Release|Win32
		{5B702C10-070B-467C-866B-95B54F050185}.Debug|x64.ActiveCfg = Debug|x64
		{5B702C10-070B-467C-866B-95B54F050185}.Debug|x64.Build.0 = Debug|x64
		{5B702C10-070B-467C-866B-95B54F050185}.Debug|x86.ActiveCfg = Debug|Win32
		{5B702C10-070B-467C-866B-95B54F050185}.Debug|x86.Build.0 = Debug|Win32
		{5B702C10-070B-467C-866B-95B54F050185}.Release|x64.ActiveCfg = Release|x64
		{5B702C10-070B-467C-866B-95B54F050185}.Release|x64.Build.0 = Release|x64
		{5B702C10-070B-467C-866B-95B54F050185}.Release|x86.ActiveCfg = Release|Win32
		{5B702C10-070B-467C-866B-95B54F050185}.Release|x86.Build.0 = Release|Win32
	EndGlobalSection
	GlobalSection(SolutionProperties) = preSolution
		HideSolutionNode = FALSE
	EndGlobalSection
	GlobalSection(ExtensibilityGlobals) = postSolution
		SolutionGuid = {7BB42CEB-6CAA-4ECF-AE03-6E8601DA5AC2}
	EndGlobalSection
EndGlobal
